
Microsoft Visual Studio Solution File, Format Version 12.00
# Visual Studio 14
VisualStudioVersion = 14.0.24720.0
MinimumVisualStudioVersion = 10.0.40219.1
Project("{FAE04EC0-301F-11D3-BF4B-00C04F79EFBC}") = "FusionService", "FusionService\FusionService.csproj", "{51FCB15B-0EC5-4C7D-8F11-28093DB5F0DC}"
EndProject
Project("{E24C65DC-7377-472B-9ABA-BC803B73C61A}") = "FusionServiceHost", "FusionServiceHost\", "{07207E5F-0A74-4DB0-B00F-451442B9211F}"
	ProjectSection(WebsiteProperties) = preProject
		TargetFrameworkMoniker = ".NETFramework,Version%3Dv4.5.2"
		ProjectReferences = "{51fcb15b-0ec5-4c7d-8f11-28093db5f0dc}|FusionService.dll;"
		Debug.AspNetCompiler.VirtualPath = "/localhost_13069"
		Debug.AspNetCompiler.PhysicalPath = "FusionServiceHost\"
		Debug.AspNetCompiler.TargetPath = "PrecompiledWeb\localhost_13069\"
		Debug.AspNetCompiler.Updateable = "true"
		Debug.AspNetCompiler.ForceOverwrite = "true"
		Debug.AspNetCompiler.FixedNames = "false"
		Debug.AspNetCompiler.Debug = "True"
		Release.AspNetCompiler.VirtualPath = "/localhost_13069"
		Release.AspNetCompiler.PhysicalPath = "FusionServiceHost\"
		Release.AspNetCompiler.TargetPath = "PrecompiledWeb\localhost_13069\"
		Release.AspNetCompiler.Updateable = "true"
		Release.AspNetCompiler.ForceOverwrite = "true"
		Release.AspNetCompiler.FixedNames = "false"
		Release.AspNetCompiler.Debug = "False"
		VWDPort = "13069"
		SlnRelativePath = "FusionServiceHost\"
		DefaultWebSiteLanguage = "Visual C#"
	EndProjectSection
EndProject
Project("{E24C65DC-7377-472B-9ABA-BC803B73C61A}") = "StatusPage(2)", "StatusPage\", "{74699D89-3FAF-4481-A772-92006EA91453}"
	ProjectSection(WebsiteProperties) = preProject
		TargetFrameworkMoniker = ".NETFramework,Version%3Dv4.5.2"
		Debug.AspNetCompiler.VirtualPath = "/localhost_14816"
		Debug.AspNetCompiler.PhysicalPath = "StatusPage\"
		Debug.AspNetCompiler.TargetPath = "PrecompiledWeb\localhost_14816\"
		Debug.AspNetCompiler.Updateable = "true"
		Debug.AspNetCompiler.ForceOverwrite = "true"
		Debug.AspNetCompiler.FixedNames = "false"
		Debug.AspNetCompiler.Debug = "True"
		Release.AspNetCompiler.VirtualPath = "/localhost_14816"
		Release.AspNetCompiler.PhysicalPath = "StatusPage\"
		Release.AspNetCompiler.TargetPath = "PrecompiledWeb\localhost_14816\"
		Release.AspNetCompiler.Updateable = "true"
		Release.AspNetCompiler.ForceOverwrite = "true"
		Release.AspNetCompiler.FixedNames = "false"
		Release.AspNetCompiler.Debug = "False"
		VWDPort = "14816"
		SlnRelativePath = "StatusPage\"
		DefaultWebSiteLanguage = "Visual C#"
	EndProjectSection
EndProject
Global
	GlobalSection(SolutionConfigurationPlatforms) = preSolution
		Debug|Any CPU = Debug|Any CPU
		Release|Any CPU = Release|Any CPU
	EndGlobalSection
	GlobalSection(ProjectConfigurationPlatforms) = postSolution
		{51FCB15B-0EC5-4C7D-8F11-28093DB5F0DC}.Debug|Any CPU.ActiveCfg = Debug|Any CPU
		{51FCB15B-0EC5-4C7D-8F11-28093DB5F0DC}.Debug|Any CPU.Build.0 = Debug|Any CPU
		{51FCB15B-0EC5-4C7D-8F11-28093DB5F0DC}.Release|Any CPU.ActiveCfg = Release|Any CPU
		{51FCB15B-0EC5-4C7D-8F11-28093DB5F0DC}.Release|Any CPU.Build.0 = Release|Any CPU
		{07207E5F-0A74-4DB0-B00F-451442B9211F}.Debug|Any CPU.ActiveCfg = Debug|Any CPU
		{07207E5F-0A74-4DB0-B00F-451442B9211F}.Debug|Any CPU.Build.0 = Debug|Any CPU
		{07207E5F-0A74-4DB0-B00F-451442B9211F}.Release|Any CPU.ActiveCfg = Debug|Any CPU
		{07207E5F-0A74-4DB0-B00F-451442B9211F}.Release|Any CPU.Build.0 = Debug|Any CPU
		{74699D89-3FAF-4481-A772-92006EA91453}.Debug|Any CPU.ActiveCfg = Debug|Any CPU
		{74699D89-3FAF-4481-A772-92006EA91453}.Debug|Any CPU.Build.0 = Debug|Any CPU
		{74699D89-3FAF-4481-A772-92006EA91453}.Release|Any CPU.ActiveCfg = Debug|Any CPU
		{74699D89-3FAF-4481-A772-92006EA91453}.Release|Any CPU.Build.0 = Debug|Any CPU
	EndGlobalSection
	GlobalSection(SolutionProperties) = preSolution
		HideSolutionNode = FALSE
	EndGlobalSection
EndGlobal
